
Microsoft Visual Studio Solution File, Format Version 12.00
# Visual Studio Version 16
VisualStudioVersion = 16.0.30225.117
MinimumVisualStudioVersion = 10.0.40219.1
Project("{FAE04EC0-301F-11D3-BF4B-00C04F79EFBC}") = "Interface_Properties", "Interface_Properties.csproj", "{10E3295E-626A-416B-A0C4-F2F3F80117C8}"
EndProject
Global
	GlobalSection(SolutionConfigurationPlatforms) = preSolution
		Debug|Any CPU = Debug|Any CPU
		Release|Any CPU = Release|Any CPU
	EndGlobalSection
	GlobalSection(ProjectConfigurationPlatforms) = postSolution
		{10E3295E-626A-416B-A0C4-F2F3F80117C8}.Debug|Any CPU.ActiveCfg = Debug|Any CPU
		{10E3295E-626A-416B-A0C4-F2F3F80117C8}.Debug|Any CPU.Build.0 = Debug|Any CPU
		{10E3295E-626A-416B-A0C4-F2F3F80117C8}.Release|Any CPU.ActiveCfg = Release|Any CPU
		{10E3295E-626A-416B-A0C4-F2F3F80117C8}.Release|Any CPU.Build.0 = Release|Any CPU
	EndGlobalSection
	GlobalSection(SolutionProperties) = preSolution
		HideSolutionNode = FALSE
	EndGlobalSection
	GlobalSection(ExtensibilityGlobals) = postSolution
		SolutionGuid = {39F4CCB2-F03A-4CD5-9190-B90880434FC4}
	EndGlobalSection
EndGlobal
