
Microsoft Visual Studio Solution File, Format Version 12.00
# Visual Studio Version 16
VisualStudioVersion = 16.0.30225.117
MinimumVisualStudioVersion = 10.0.40219.1
Project("{FAE04EC0-301F-11D3-BF4B-00C04F79EFBC}") = "Parameters", "Parameters.csproj", "{824D8A0F-87F7-40D8-A21B-E8C11679E38B}"
EndProject
Global
	GlobalSection(SolutionConfigurationPlatforms) = preSolution
		Debug|Any CPU = Debug|Any CPU
		Release|Any CPU = Release|Any CPU
	EndGlobalSection
	GlobalSection(ProjectConfigurationPlatforms) = postSolution
		{824D8A0F-87F7-40D8-A21B-E8C11679E38B}.Debug|Any CPU.ActiveCfg = Debug|Any CPU
		{824D8A0F-87F7-40D8-A21B-E8C11679E38B}.Debug|Any CPU.Build.0 = Debug|Any CPU
		{824D8A0F-87F7-40D8-A21B-E8C11679E38B}.Release|Any CPU.ActiveCfg = Release|Any CPU
		{824D8A0F-87F7-40D8-A21B-E8C11679E38B}.Release|Any CPU.Build.0 = Release|Any CPU
	EndGlobalSection
	GlobalSection(SolutionProperties) = preSolution
		HideSolutionNode = FALSE
	EndGlobalSection
	GlobalSection(ExtensibilityGlobals) = postSolution
		SolutionGuid = {082383EC-6905-442A-A4F8-A28E7AD58AFF}
	EndGlobalSection
EndGlobal
